
Microsoft Visual Studio Solution File, Format Version 12.00
# Visual Studio Version 17
VisualStudioVersion = 17.5.002.0
MinimumVisualStudioVersion = 10.0.40219.1
Project("{2150E333-8FDC-42A3-9474-1A3956D46DE8}") = "vyssuals", "vyssuals", "{4A94E4FB-6F30-4BF6-A37A-C35F02E0AD5B}"
EndProject
Project("{2150E333-8FDC-42A3-9474-1A3956D46DE8}") = "src", "src", "{16722393-83E0-4289-B388-381A5C2C2B47}"
EndProject
Project("{2150E333-8FDC-42A3-9474-1A3956D46DE8}") = "lib", "lib", "{2838F6F3-D393-4374-AF0B-9759F4AD0004}"
EndProject
Project("{2150E333-8FDC-42A3-9474-1A3956D46DE8}") = "tests", "tests", "{3053E454-2595-45FF-B849-F12E12659C5B}"
EndProject
Project("{9A19103F-16F7-4668-BE54-9A1E7A4F7556}") = "Websockets", "vyssuals\src\lib\tests\Websockets\Websockets.csproj", "{E0C0BAB1-823C-403F-9564-D247CF8D33C7}"
EndProject
Global
	GlobalSection(SolutionConfigurationPlatforms) = preSolution
		Debug|Any CPU = Debug|Any CPU
		Release|Any CPU = Release|Any CPU
	EndGlobalSection
	GlobalSection(ProjectConfigurationPlatforms) = postSolution
		{E0C0BAB1-823C-403F-9564-D247CF8D33C7}.Debug|Any CPU.ActiveCfg = Debug|Any CPU
		{E0C0BAB1-823C-403F-9564-D247CF8D33C7}.Debug|Any CPU.Build.0 = Debug|Any CPU
		{E0C0BAB1-823C-403F-9564-D247CF8D33C7}.Release|Any CPU.ActiveCfg = Release|Any CPU
		{E0C0BAB1-823C-403F-9564-D247CF8D33C7}.Release|Any CPU.Build.0 = Release|Any CPU
	EndGlobalSection
	GlobalSection(SolutionProperties) = preSolution
		HideSolutionNode = FALSE
	EndGlobalSection
	GlobalSection(NestedProjects) = preSolution
		{16722393-83E0-4289-B388-381A5C2C2B47} = {4A94E4FB-6F30-4BF6-A37A-C35F02E0AD5B}
		{2838F6F3-D393-4374-AF0B-9759F4AD0004} = {16722393-83E0-4289-B388-381A5C2C2B47}
		{3053E454-2595-45FF-B849-F12E12659C5B} = {2838F6F3-D393-4374-AF0B-9759F4AD0004}
		{E0C0BAB1-823C-403F-9564-D247CF8D33C7} = {3053E454-2595-45FF-B849-F12E12659C5B}
	EndGlobalSection
	GlobalSection(ExtensibilityGlobals) = postSolution
		SolutionGuid = {9CF881FA-F2B7-42EE-8AAF-0F254B48B1F2}
	EndGlobalSection
EndGlobal
